// !$*UTF8*$!
{
	archiveVersion = 1;
	classes = {
	};
	objectVersion = 46;
	objects = {

/* Begin PBXBuildFile section */
		9665691A1E7C7910004F5478 /* AppDelegate.swift in Sources */ = {isa = PBXBuildFile; fileRef = 966569191E7C7910004F5478 /* AppDelegate.swift */; };
		9665691C1E7C7910004F5478 /* ViewController.swift in Sources */ = {isa = PBXBuildFile; fileRef = 9665691B1E7C7910004F5478 /* ViewController.swift */; };
		9665691F1E7C7910004F5478 /* Main.storyboard in Resources */ = {isa = PBXBuildFile; fileRef = 9665691D1E7C7910004F5478 /* Main.storyboard */; };
		966569211E7C7910004F5478 /* Assets.xcassets in Resources */ = {isa = PBXBuildFile; fileRef = 966569201E7C7910004F5478 /* Assets.xcassets */; };
		966569241E7C7910004F5478 /* LaunchScreen.storyboard in Resources */ = {isa = PBXBuildFile; fileRef = 966569221E7C7910004F5478 /* LaunchScreen.storyboard */; };
		9665692F1E7C7910004F5478 /* North_South_East_WestTests.swift in Sources */ = {isa = PBXBuildFile; fileRef = 9665692E1E7C7910004F5478 /* North_South_East_WestTests.swift */; };
		9665693A1E7C7910004F5478 /* North_South_East_WestUITests.swift in Sources */ = {isa = PBXBuildFile; fileRef = 966569391E7C7910004F5478 /* North_South_East_WestUITests.swift */; };
/* End PBXBuildFile section */

/* Begin PBXContainerItemProxy section */
		9665692B1E7C7910004F5478 /* PBXContainerItemProxy */ = {
			isa = PBXContainerItemProxy;
			containerPortal = 9665690E1E7C790F004F5478 /* Project object */;
			proxyType = 1;
			remoteGlobalIDString = 966569151E7C790F004F5478;
			remoteInfo = "North South East West";
		};
		966569361E7C7910004F5478 /* PBXContainerItemProxy */ = {
			isa = PBXContainerItemProxy;
			containerPortal = 9665690E1E7C790F004F5478 /* Project object */;
			proxyType = 1;
			remoteGlobalIDString = 966569151E7C790F004F5478;
			remoteInfo = "North South East West";
		};
/* End PBXContainerItemProxy section */

/* Begin PBXFileReference section */
		966569161E7C790F004F5478 /* North South East West.app */ = {isa = PBXFileReference; explicitFileType = wrapper.application; includeInIndex = 0; path = "North South East West.app"; sourceTree = BUILT_PRODUCTS_DIR; };
		966569191E7C7910004F5478 /* AppDelegate.swift */ = {isa = PBXFileReference; lastKnownFileType = sourcecode.swift; path = AppDelegate.swift; sourceTree = "<group>"; };
		9665691B1E7C7910004F5478 /* ViewController.swift */ = {isa = PBXFileReference; lastKnownFileType = sourcecode.swift; path = ViewController.swift; sourceTree = "<group>"; };
		9665691E1E7C7910004F5478 /* Base */ = {isa = PBXFileReference; lastKnownFileType = file.storyboard; name = Base; path = Base.lproj/Main.storyboard; sourceTree = "<group>"; };
		966569201E7C7910004F5478 /* Assets.xcassets */ = {isa = PBXFileReference; lastKnownFileType = folder.assetcatalog; path = Assets.xcassets; sourceTree = "<group>"; };
		966569231E7C7910004F5478 /* Base */ = {isa = PBXFileReference; lastKnownFileType = file.storyboard; name = Base; path = Base.lproj/LaunchScreen.storyboard; sourceTree = "<group>"; };
		966569251E7C7910004F5478 /* Info.plist */ = {isa = PBXFileReference; lastKnownFileType = text.plist.xml; path = Info.plist; sourceTree = "<group>"; };
		9665692A1E7C7910004F5478 /* North South East WestTests.xctest */ = {isa = PBXFileReference; explicitFileType = wrapper.cfbundle; includeInIndex = 0; path = "North South East WestTests.xctest"; sourceTree = BUILT_PRODUCTS_DIR; };
		9665692E1E7C7910004F5478 /* North_South_East_WestTests.swift */ = {isa = PBXFileReference; lastKnownFileType = sourcecode.swift; path = North_South_East_WestTests.swift; sourceTree = "<group>"; };
		966569301E7C7910004F5478 /* Info.plist */ = {isa = PBXFileReference; lastKnownFileType = text.plist.xml; path = Info.plist; sourceTree = "<group>"; };
		966569351E7C7910004F5478 /* North South East WestUITests.xctest */ = {isa = PBXFileReference; explicitFileType = wrapper.cfbundle; includeInIndex = 0; path = "North South East WestUITests.xctest"; sourceTree = BUILT_PRODUCTS_DIR; };
		966569391E7C7910004F5478 /* North_South_East_WestUITests.swift */ = {isa = PBXFileReference; lastKnownFileType = sourcecode.swift; path = North_South_East_WestUITests.swift; sourceTree = "<group>"; };
		9665693B1E7C7910004F5478 /* Info.plist */ = {isa = PBXFileReference; lastKnownFileType = text.plist.xml; path = Info.plist; sourceTree = "<group>"; };
/* End PBXFileReference section */

/* Begin PBXFrameworksBuildPhase section */
		966569131E7C790F004F5478 /* Frameworks */ = {
			isa = PBXFrameworksBuildPhase;
			buildActionMask = 2147483647;
			files = (
			);
			runOnlyForDeploymentPostprocessing = 0;
		};
		966569271E7C7910004F5478 /* Frameworks */ = {
			isa = PBXFrameworksBuildPhase;
			buildActionMask = 2147483647;
			files = (
			);
			runOnlyForDeploymentPostprocessing = 0;
		};
		966569321E7C7910004F5478 /* Frameworks */ = {
			isa = PBXFrameworksBuildPhase;
			buildActionMask = 2147483647;
			files = (
			);
			runOnlyForDeploymentPostprocessing = 0;
		};
/* End PBXFrameworksBuildPhase section */

/* Begin PBXGroup section */
		9665690D1E7C790F004F5478 = {
			isa = PBXGroup;
			children = (
				966569181E7C790F004F5478 /* North South East West */,
				9665692D1E7C7910004F5478 /* North South East WestTests */,
				966569381E7C7910004F5478 /* North South East WestUITests */,
				966569171E7C790F004F5478 /* Products */,
			);
			sourceTree = "<group>";
		};
		966569171E7C790F004F5478 /* Products */ = {
			isa = PBXGroup;
			children = (
				966569161E7C790F004F5478 /* North South East West.app */,
				9665692A1E7C7910004F5478 /* North South East WestTests.xctest */,
				966569351E7C7910004F5478 /* North South East WestUITests.xctest */,
			);
			name = Products;
			sourceTree = "<group>";
		};
		966569181E7C790F004F5478 /* North South East West */ = {
			isa = PBXGroup;
			children = (
				966569191E7C7910004F5478 /* AppDelegate.swift */,
				9665691B1E7C7910004F5478 /* ViewController.swift */,
				9665691D1E7C7910004F5478 /* Main.storyboard */,
				966569201E7C7910004F5478 /* Assets.xcassets */,
				966569221E7C7910004F5478 /* LaunchScreen.storyboard */,
				966569251E7C7910004F5478 /* Info.plist */,
			);
			path = "North South East West";
			sourceTree = "<group>";
		};
		9665692D1E7C7910004F5478 /* North South East WestTests */ = {
			isa = PBXGroup;
			children = (
				9665692E1E7C7910004F5478 /* North_South_East_WestTests.swift */,
				966569301E7C7910004F5478 /* Info.plist */,
			);
			path = "North South East WestTests";
			sourceTree = "<group>";
		};
		966569381E7C7910004F5478 /* North South East WestUITests */ = {
			isa = PBXGroup;
			children = (
				966569391E7C7910004F5478 /* North_South_East_WestUITests.swift */,
				9665693B1E7C7910004F5478 /* Info.plist */,
			);
			path = "North South East WestUITests";
			sourceTree = "<group>";
		};
/* End PBXGroup section */

/* Begin PBXNativeTarget section */
		966569151E7C790F004F5478 /* North South East West */ = {
			isa = PBXNativeTarget;
			buildConfigurationList = 9665693E1E7C7910004F5478 /* Build configuration list for PBXNativeTarget "North South East West" */;
			buildPhases = (
				966569121E7C790F004F5478 /* Sources */,
				966569131E7C790F004F5478 /* Frameworks */,
				966569141E7C790F004F5478 /* Resources */,
			);
			buildRules = (
			);
			dependencies = (
			);
			name = "North South East West";
			productName = "North South East West";
			productReference = 966569161E7C790F004F5478 /* North South East West.app */;
			productType = "com.apple.product-type.application";
		};
		966569291E7C7910004F5478 /* North South East WestTests */ = {
			isa = PBXNativeTarget;
			buildConfigurationList = 966569411E7C7910004F5478 /* Build configuration list for PBXNativeTarget "North South East WestTests" */;
			buildPhases = (
				966569261E7C7910004F5478 /* Sources */,
				966569271E7C7910004F5478 /* Frameworks */,
				966569281E7C7910004F5478 /* Resources */,
			);
			buildRules = (
			);
			dependencies = (
				9665692C1E7C7910004F5478 /* PBXTargetDependency */,
			);
			name = "North South East WestTests";
			productName = "North South East WestTests";
			productReference = 9665692A1E7C7910004F5478 /* North South East WestTests.xctest */;
			productType = "com.apple.product-type.bundle.unit-test";
		};
		966569341E7C7910004F5478 /* North South East WestUITests */ = {
			isa = PBXNativeTarget;
			buildConfigurationList = 966569441E7C7910004F5478 /* Build configuration list for PBXNativeTarget "North South East WestUITests" */;
			buildPhases = (
				966569311E7C7910004F5478 /* Sources */,
				966569321E7C7910004F5478 /* Frameworks */,
				966569331E7C7910004F5478 /* Resources */,
			);
			buildRules = (
			);
			dependencies = (
				966569371E7C7910004F5478 /* PBXTargetDependency */,
			);
			name = "North South East WestUITests";
			productName = "North South East WestUITests";
			productReference = 966569351E7C7910004F5478 /* North South East WestUITests.xctest */;
			productType = "com.apple.product-type.bundle.ui-testing";
		};
/* End PBXNativeTarget section */

/* Begin PBXProject section */
		9665690E1E7C790F004F5478 /* Project object */ = {
			isa = PBXProject;
			attributes = {
				LastSwiftUpdateCheck = 0820;
				LastUpgradeCheck = 0820;
				ORGANIZATIONNAME = "Nishant Patel";
				TargetAttributes = {
					966569151E7C790F004F5478 = {
						CreatedOnToolsVersion = 8.2.1;
						DevelopmentTeam = GRGJW6B5ZE;
						ProvisioningStyle = Automatic;
					};
					966569291E7C7910004F5478 = {
						CreatedOnToolsVersion = 8.2.1;
						DevelopmentTeam = GRGJW6B5ZE;
						ProvisioningStyle = Automatic;
						TestTargetID = 966569151E7C790F004F5478;
					};
					966569341E7C7910004F5478 = {
						CreatedOnToolsVersion = 8.2.1;
						DevelopmentTeam = GRGJW6B5ZE;
						ProvisioningStyle = Automatic;
						TestTargetID = 966569151E7C790F004F5478;
					};
				};
			};
			buildConfigurationList = 966569111E7C790F004F5478 /* Build configuration list for PBXProject "North South East West" */;
			compatibilityVersion = "Xcode 3.2";
			developmentRegion = English;
			hasScannedForEncodings = 0;
			knownRegions = (
				en,
				Base,
			);
			mainGroup = 9665690D1E7C790F004F5478;
			productRefGroup = 966569171E7C790F004F5478 /* Products */;
			projectDirPath = "";
			projectRoot = "";
			targets = (
				966569151E7C790F004F5478 /* North South East West */,
				966569291E7C7910004F5478 /* North South East WestTests */,
				966569341E7C7910004F5478 /* North South East WestUITests */,
			);
		};
/* End PBXProject section */

/* Begin PBXResourcesBuildPhase section */
		966569141E7C790F004F5478 /* Resources */ = {
			isa = PBXResourcesBuildPhase;
			buildActionMask = 2147483647;
			files = (
				966569241E7C7910004F5478 /* LaunchScreen.storyboard in Resources */,
				966569211E7C7910004F5478 /* Assets.xcassets in Resources */,
				9665691F1E7C7910004F5478 /* Main.storyboard in Resources */,
			);
			runOnlyForDeploymentPostprocessing = 0;
		};
		966569281E7C7910004F5478 /* Resources */ = {
			isa = PBXResourcesBuildPhase;
			buildActionMask = 2147483647;
			files = (
			);
			runOnlyForDeploymentPostprocessing = 0;
		};
		966569331E7C7910004F5478 /* Resources */ = {
			isa = PBXResourcesBuildPhase;
			buildActionMask = 2147483647;
			files = (
			);
			runOnlyForDeploymentPostprocessing = 0;
		};
/* End PBXResourcesBuildPhase section */

/* Begin PBXSourcesBuildPhase section */
		966569121E7C790F004F5478 /* Sources */ = {
			isa = PBXSourcesBuildPhase;
			buildActionMask = 2147483647;
			files = (
				9665691C1E7C7910004F5478 /* ViewController.swift in Sources */,
				9665691A1E7C7910004F5478 /* AppDelegate.swift in Sources */,
			);
			runOnlyForDeploymentPostprocessing = 0;
		};
		966569261E7C7910004F5478 /* Sources */ = {
			isa = PBXSourcesBuildPhase;
			buildActionMask = 2147483647;
			files = (
				9665692F1E7C7910004F5478 /* North_South_East_WestTests.swift in Sources */,
			);
			runOnlyForDeploymentPostprocessing = 0;
		};
		966569311E7C7910004F5478 /* Sources */ = {
			isa = PBXSourcesBuildPhase;
			buildActionMask = 2147483647;
			files = (
				9665693A1E7C7910004F5478 /* North_South_East_WestUITests.swift in Sources */,
			);
			runOnlyForDeploymentPostprocessing = 0;
		};
/* End PBXSourcesBuildPhase section */

/* Begin PBXTargetDependency section */
		9665692C1E7C7910004F5478 /* PBXTargetDependency */ = {
			isa = PBXTargetDependency;
			target = 966569151E7C790F004F5478 /* North South East West */;
			targetProxy = 9665692B1E7C7910004F5478 /* PBXContainerItemProxy */;
		};
		966569371E7C7910004F5478 /* PBXTargetDependency */ = {
			isa = PBXTargetDependency;
			target = 966569151E7C790F004F5478 /* North South East West */;
			targetProxy = 966569361E7C7910004F5478 /* PBXContainerItemProxy */;
		};
/* End PBXTargetDependency section */

/* Begin PBXVariantGroup section */
		9665691D1E7C7910004F5478 /* Main.storyboard */ = {
			isa = PBXVariantGroup;
			children = (
				9665691E1E7C7910004F5478 /* Base */,
			);
			name = Main.storyboard;
			sourceTree = "<group>";
		};
		966569221E7C7910004F5478 /* LaunchScreen.storyboard */ = {
			isa = PBXVariantGroup;
			children = (
				966569231E7C7910004F5478 /* Base */,
			);
			name = LaunchScreen.storyboard;
			sourceTree = "<group>";
		};
/* End PBXVariantGroup section */

/* Begin XCBuildConfiguration section */
		9665693C1E7C7910004F5478 /* Debug */ = {
			isa = XCBuildConfiguration;
			buildSettings = {
				ALWAYS_SEARCH_USER_PATHS = NO;
				CLANG_ANALYZER_NONNULL = YES;
				CLANG_CXX_LANGUAGE_STANDARD = "gnu++0x";
				CLANG_CXX_LIBRARY = "libc++";
				CLANG_ENABLE_MODULES = YES;
				CLANG_ENABLE_OBJC_ARC = YES;
				CLANG_WARN_BOOL_CONVERSION = YES;
				CLANG_WARN_CONSTANT_CONVERSION = YES;
				CLANG_WARN_DIRECT_OBJC_ISA_USAGE = YES_ERROR;
				CLANG_WARN_DOCUMENTATION_COMMENTS = YES;
				CLANG_WARN_EMPTY_BODY = YES;
				CLANG_WARN_ENUM_CONVERSION = YES;
				CLANG_WARN_INFINITE_RECURSION = YES;
				CLANG_WARN_INT_CONVERSION = YES;
				CLANG_WARN_OBJC_ROOT_CLASS = YES_ERROR;
				CLANG_WARN_SUSPICIOUS_MOVE = YES;
				CLANG_WARN_UNREACHABLE_CODE = YES;
				CLANG_WARN__DUPLICATE_METHOD_MATCH = YES;
				"CODE_SIGN_IDENTITY[sdk=iphoneos*]" = "iPhone Developer";
				COPY_PHASE_STRIP = NO;
				DEBUG_INFORMATION_FORMAT = dwarf;
				ENABLE_STRICT_OBJC_MSGSEND = YES;
				ENABLE_TESTABILITY = YES;
				GCC_C_LANGUAGE_STANDARD = gnu99;
				GCC_DYNAMIC_NO_PIC = NO;
				GCC_NO_COMMON_BLOCKS = YES;
				GCC_OPTIMIZATION_LEVEL = 0;
				GCC_PREPROCESSOR_DEFINITIONS = (
					"DEBUG=1",
					"$(inherited)",
				);
				GCC_WARN_64_TO_32_BIT_CONVERSION = YES;
				GCC_WARN_ABOUT_RETURN_TYPE = YES_ERROR;
				GCC_WARN_UNDECLARED_SELECTOR = YES;
				GCC_WARN_UNINITIALIZED_AUTOS = YES_AGGRESSIVE;
				GCC_WARN_UNUSED_FUNCTION = YES;
				GCC_WARN_UNUSED_VARIABLE = YES;
				IPHONEOS_DEPLOYMENT_TARGET = 10.2;
				MTL_ENABLE_DEBUG_INFO = YES;
				ONLY_ACTIVE_ARCH = YES;
				SDKROOT = iphoneos;
				SWIFT_ACTIVE_COMPILATION_CONDITIONS = DEBUG;
				SWIFT_OPTIMIZATION_LEVEL = "-Onone";
			};
			name = Debug;
		};
		9665693D1E7C7910004F5478 /* Release */ = {
			isa = XCBuildConfiguration;
			buildSettings = {
				ALWAYS_SEARCH_USER_PATHS = NO;
				CLANG_ANALYZER_NONNULL = YES;
				CLANG_CXX_LANGUAGE_STANDARD = "gnu++0x";
				CLANG_CXX_LIBRARY = "libc++";
				CLANG_ENABLE_MODULES = YES;
				CLANG_ENABLE_OBJC_ARC = YES;
				CLANG_WARN_BOOL_CONVERSION = YES;
				CLANG_WARN_CONSTANT_CONVERSION = YES;
				CLANG_WARN_DIRECT_OBJC_ISA_USAGE = YES_ERROR;
				CLANG_WARN_DOCUMENTATION_COMMENTS = YES;
				CLANG_WARN_EMPTY_BODY = YES;
				CLANG_WARN_ENUM_CONVERSION = YES;
				CLANG_WARN_INFINITE_RECURSION = YES;
				CLANG_WARN_INT_CONVERSION = YES;
				CLANG_WARN_OBJC_ROOT_CLASS = YES_ERROR;
				CLANG_WARN_SUSPICIOUS_MOVE = YES;
				CLANG_WARN_UNREACHABLE_CODE = YES;
				CLANG_WARN__DUPLICATE_METHOD_MATCH = YES;
				"CODE_SIGN_IDENTITY[sdk=iphoneos*]" = "iPhone Developer";
				COPY_PHASE_STRIP = NO;
				DEBUG_INFORMATION_FORMAT = "dwarf-with-dsym";
				ENABLE_NS_ASSERTIONS = NO;
				ENABLE_STRICT_OBJC_MSGSEND = YES;
				GCC_C_LANGUAGE_STANDARD = gnu99;
				GCC_NO_COMMON_BLOCKS = YES;
				GCC_WARN_64_TO_32_BIT_CONVERSION = YES;
				GCC_WARN_ABOUT_RETURN_TYPE = YES_ERROR;
				GCC_WARN_UNDECLARED_SELECTOR = YES;
				GCC_WARN_UNINITIALIZED_AUTOS = YES_AGGRESSIVE;
				GCC_WARN_UNUSED_FUNCTION = YES;
				GCC_WARN_UNUSED_VARIABLE = YES;
				IPHONEOS_DEPLOYMENT_TARGET = 10.2;
				MTL_ENABLE_DEBUG_INFO = NO;
				SDKROOT = iphoneos;
				SWIFT_OPTIMIZATION_LEVEL = "-Owholemodule";
				VALIDATE_PRODUCT = YES;
			};
			name = Release;
		};
		9665693F1E7C7910004F5478 /* Debug */ = {
			isa = XCBuildConfiguration;
			buildSettings = {
				ASSETCATALOG_COMPILER_APPICON_NAME = AppIcon;
				DEVELOPMENT_TEAM = GRGJW6B5ZE;
				INFOPLIST_FILE = "North South East West/Info.plist";
				LD_RUNPATH_SEARCH_PATHS = "$(inherited) @executable_path/Frameworks";
				PRODUCT_BUNDLE_IDENTIFIER = "com.nishantpatel.North-South-East-West";
				PRODUCT_NAME = "$(TARGET_NAME)";
				SWIFT_VERSION = 3.0;
			};
			name = Debug;
		};
		966569401E7C7910004F5478 /* Release */ = {
			isa = XCBuildConfiguration;
			buildSettings = {
				ASSETCATALOG_COMPILER_APPICON_NAME = AppIcon;
				DEVELOPMENT_TEAM = GRGJW6B5ZE;
				INFOPLIST_FILE = "North South East West/Info.plist";
				LD_RUNPATH_SEARCH_PATHS = "$(inherited) @executable_path/Frameworks";
				PRODUCT_BUNDLE_IDENTIFIER = "com.nishantpatel.North-South-East-West";
				PRODUCT_NAME = "$(TARGET_NAME)";
				SWIFT_VERSION = 3.0;
			};
			name = Release;
		};
		966569421E7C7910004F5478 /* Debug */ = {
			isa = XCBuildConfiguration;
			buildSettings = {
				ALWAYS_EMBED_SWIFT_STANDARD_LIBRARIES = YES;
				BUNDLE_LOADER = "$(TEST_HOST)";
				DEVELOPMENT_TEAM = GRGJW6B5ZE;
				INFOPLIST_FILE = "North South East WestTests/Info.plist";
				LD_RUNPATH_SEARCH_PATHS = "$(inherited) @executable_path/Frameworks @loader_path/Frameworks";
				PRODUCT_BUNDLE_IDENTIFIER = "com.nishantpatel.North-South-East-WestTests";
				PRODUCT_NAME = "$(TARGET_NAME)";
				SWIFT_VERSION = 3.0;
				TEST_HOST = "$(BUILT_PRODUCTS_DIR)/North South East West.app/North South East West";
			};
			name = Debug;
		};
		966569431E7C7910004F5478 /* Release */ = {
			isa = XCBuildConfiguration;
			buildSettings = {
				ALWAYS_EMBED_SWIFT_STANDARD_LIBRARIES = YES;
				BUNDLE_LOADER = "$(TEST_HOST)";
				DEVELOPMENT_TEAM = GRGJW6B5ZE;
				INFOPLIST_FILE = "North South East WestTests/Info.plist";
				LD_RUNPATH_SEARCH_PATHS = "$(inherited) @executable_path/Frameworks @loader_path/Frameworks";
				PRODUCT_BUNDLE_IDENTIFIER = "com.nishantpatel.North-South-East-WestTests";
				PRODUCT_NAME = "$(TARGET_NAME)";
				SWIFT_VERSION = 3.0;
				TEST_HOST = "$(BUILT_PRODUCTS_DIR)/North South East West.app/North South East West";
			};
			name = Release;
		};
		966569451E7C7910004F5478 /* Debug */ = {
			isa = XCBuildConfiguration;
			buildSettings = {
				ALWAYS_EMBED_SWIFT_STANDARD_LIBRARIES = YES;
				DEVELOPMENT_TEAM = GRGJW6B5ZE;
				INFOPLIST_FILE = "North South East WestUITests/Info.plist";
				LD_RUNPATH_SEARCH_PATHS = "$(inherited) @executable_path/Frameworks @loader_path/Frameworks";
				PRODUCT_BUNDLE_IDENTIFIER = "com.nishantpatel.North-South-East-WestUITests";
				PRODUCT_NAME = "$(TARGET_NAME)";
				SWIFT_VERSION = 3.0;
				TEST_TARGET_NAME = "North South East West";
			};
			name = Debug;
		};
		966569461E7C7910004F5478 /* Release */ = {
			isa = XCBuildConfiguration;
			buildSettings = {
				ALWAYS_EMBED_SWIFT_STANDARD_LIBRARIES = YES;
				DEVELOPMENT_TEAM = GRGJW6B5ZE;
				INFOPLIST_FILE = "North South East WestUITests/Info.plist";
				LD_RUNPATH_SEARCH_PATHS = "$(inherited) @executable_path/Frameworks @loader_path/Frameworks";
				PRODUCT_BUNDLE_IDENTIFIER = "com.nishantpatel.North-South-East-WestUITests";
				PRODUCT_NAME = "$(TARGET_NAME)";
				SWIFT_VERSION = 3.0;
				TEST_TARGET_NAME = "North South East West";
			};
			name = Release;
		};
/* End XCBuildConfiguration section */

/* Begin XCConfigurationList section */
		966569111E7C790F004F5478 /* Build configuration list for PBXProject "North South East West" */ = {
			isa = XCConfigurationList;
			buildConfigurations = (
				9665693C1E7C7910004F5478 /* Debug */,
				9665693D1E7C7910004F5478 /* Release */,
			);
			defaultConfigurationIsVisible = 0;
			defaultConfigurationName = Release;
		};
		9665693E1E7C7910004F5478 /* Build configuration list for PBXNativeTarget "North South East West" */ = {
			isa = XCConfigurationList;
			buildConfigurations = (
				9665693F1E7C7910004F5478 /* Debug */,
				966569401E7C7910004F5478 /* Release */,
			);
			defaultConfigurationIsVisible = 0;
		};
		966569411E7C7910004F5478 /* Build configuration list for PBXNativeTarget "North South East WestTests" */ = {
			isa = XCConfigurationList;
			buildConfigurations = (
				966569421E7C7910004F5478 /* Debug */,
				966569431E7C7910004F5478 /* Release */,
			);
			defaultConfigurationIsVisible = 0;
		};
		966569441E7C7910004F5478 /* Build configuration list for PBXNativeTarget "North South East WestUITests" */ = {
			isa = XCConfigurationList;
			buildConfigurations = (
				966569451E7C7910004F5478 /* Debug */,
				966569461E7C7910004F5478 /* Release */,
			);
			defaultConfigurationIsVisible = 0;
		};
/* End XCConfigurationList section */
	};
	rootObject = 9665690E1E7C790F004F5478 /* Project object */;
}
